# THIS IS AN AUTOGENERATED FILE. DO NOT EDIT THIS FILE DIRECTLY.
# yarn lockfile v1


"@vercel/ncc@^0.28.5":
  version "0.28.5"
  resolved "https://registry.yarnpkg.com/@vercel/ncc/-/ncc-0.28.5.tgz#6d735379f81b70b708a9c3d2196507b2a841824f"
  integrity sha512-ZSwD4EDCon2EsnPZ2/Qcigx4N2DiuBLV/rDnF04giEPFuDeBeUDdnSTyYYfX8KNic/prrJuS1vUEmAOHmj+fRg==
